
Microsoft Visual Studio Solution File, Format Version 12.00
# Visual Studio 15
VisualStudioVersion = 15.0.28307.136
MinimumVisualStudioVersion = 10.0.40219.1
Project("{9A19103F-16F7-4668-BE54-9A1E7A4F7556}") = "Source.Build.Pipeline", "Source.Build.Pipeline\Source.Build.Pipeline.csproj", "{5B3F209A-EDE9-46A4-911D-A611FE5313A6}"
EndProject
Project("{9A19103F-16F7-4668-BE54-9A1E7A4F7556}") = "Source.Build.CMD", "Source.Build.CMD\Source.Build.CMD.csproj", "{00E82B23-C468-48BC-9200-CC97A6664E48}"
EndProject
Project("{FAE04EC0-301F-11D3-BF4B-00C04F79EFBC}") = "Source.Build.UI", "Source.Build.UI\Source.Build.UI.csproj", "{417906DF-43D3-479F-8F58-B5C90A0A1D5B}"
EndProject
Global
	GlobalSection(SolutionConfigurationPlatforms) = preSolution
		Debug|Any CPU = Debug|Any CPU
		Release|Any CPU = Release|Any CPU
	EndGlobalSection
	GlobalSection(ProjectConfigurationPlatforms) = postSolution
		{5B3F209A-EDE9-46A4-911D-A611FE5313A6}.Debug|Any CPU.ActiveCfg = Debug|Any CPU
		{5B3F209A-EDE9-46A4-911D-A611FE5313A6}.Debug|Any CPU.Build.0 = Debug|Any CPU
		{5B3F209A-EDE9-46A4-911D-A611FE5313A6}.Release|Any CPU.ActiveCfg = Release|Any CPU
		{5B3F209A-EDE9-46A4-911D-A611FE5313A6}.Release|Any CPU.Build.0 = Release|Any CPU
		{00E82B23-C468-48BC-9200-CC97A6664E48}.Debug|Any CPU.ActiveCfg = Debug|Any CPU
		{00E82B23-C468-48BC-9200-CC97A6664E48}.Debug|Any CPU.Build.0 = Debug|Any CPU
		{00E82B23-C468-48BC-9200-CC97A6664E48}.Release|Any CPU.ActiveCfg = Release|Any CPU
		{00E82B23-C468-48BC-9200-CC97A6664E48}.Release|Any CPU.Build.0 = Release|Any CPU
		{417906DF-43D3-479F-8F58-B5C90A0A1D5B}.Debug|Any CPU.ActiveCfg = Debug|Any CPU
		{417906DF-43D3-479F-8F58-B5C90A0A1D5B}.Debug|Any CPU.Build.0 = Debug|Any CPU
		{417906DF-43D3-479F-8F58-B5C90A0A1D5B}.Release|Any CPU.ActiveCfg = Release|Any CPU
		{417906DF-43D3-479F-8F58-B5C90A0A1D5B}.Release|Any CPU.Build.0 = Release|Any CPU
	EndGlobalSection
	GlobalSection(SolutionProperties) = preSolution
		HideSolutionNode = FALSE
	EndGlobalSection
	GlobalSection(ExtensibilityGlobals) = postSolution
		SolutionGuid = {7AAF1E2C-81C1-4334-A6B1-B6BC6ECA62AF}
	EndGlobalSection
EndGlobal
